
Microsoft Visual Studio Solution File, Format Version 12.00
# Visual Studio Version 16
VisualStudioVersion = 16.0.31205.134
MinimumVisualStudioVersion = 10.0.40219.1
Project("{FAE04EC0-301F-11D3-BF4B-00C04F79EFBC}") = "Notes", "Notes\Notes.csproj", "{7C363587-050B-42AA-9DA4-4F056D6CC97E}"
EndProject
Project("{FAE04EC0-301F-11D3-BF4B-00C04F79EFBC}") = "DXSplashScreen", "WPF\DXSplashScreen\DXSplashScreen.csproj", "{F7739541-DFCA-496E-8512-0627A83B9BC9}"
EndProject
Project("{2150E333-8FDC-42A3-9474-1A3956D46DE8}") = "WPF", "WPF", "{7405D9B7-FFDF-462B-B577-D84288DE5480}"
EndProject
Project("{2150E333-8FDC-42A3-9474-1A3956D46DE8}") = "Demo", "Demo", "{00585ED5-E830-417D-9C9E-BC5E601EB3D5}"
EndProject
Project("{FAE04EC0-301F-11D3-BF4B-00C04F79EFBC}") = "线程Lock", "Demo\线程lock\线程Lock.csproj", "{2EAE77F2-A69B-4DC8-BCA6-233211A09E62}"
EndProject
Project("{FAE04EC0-301F-11D3-BF4B-00C04F79EFBC}") = "Timer计时器", "Demo\Timer计时器\Timer计时器.csproj", "{35B1EDEB-A368-4B5F-B434-B295C8693F64}"
EndProject
Global
	GlobalSection(SolutionConfigurationPlatforms) = preSolution
		Debug|Any CPU = Debug|Any CPU
		Release|Any CPU = Release|Any CPU
	EndGlobalSection
	GlobalSection(ProjectConfigurationPlatforms) = postSolution
		{7C363587-050B-42AA-9DA4-4F056D6CC97E}.Debug|Any CPU.ActiveCfg = Debug|Any CPU
		{7C363587-050B-42AA-9DA4-4F056D6CC97E}.Debug|Any CPU.Build.0 = Debug|Any CPU
		{7C363587-050B-42AA-9DA4-4F056D6CC97E}.Release|Any CPU.ActiveCfg = Release|Any CPU
		{7C363587-050B-42AA-9DA4-4F056D6CC97E}.Release|Any CPU.Build.0 = Release|Any CPU
		{F7739541-DFCA-496E-8512-0627A83B9BC9}.Debug|Any CPU.ActiveCfg = Debug|Any CPU
		{F7739541-DFCA-496E-8512-0627A83B9BC9}.Debug|Any CPU.Build.0 = Debug|Any CPU
		{F7739541-DFCA-496E-8512-0627A83B9BC9}.Release|Any CPU.ActiveCfg = Release|Any CPU
		{F7739541-DFCA-496E-8512-0627A83B9BC9}.Release|Any CPU.Build.0 = Release|Any CPU
		{2EAE77F2-A69B-4DC8-BCA6-233211A09E62}.Debug|Any CPU.ActiveCfg = Debug|Any CPU
		{2EAE77F2-A69B-4DC8-BCA6-233211A09E62}.Debug|Any CPU.Build.0 = Debug|Any CPU
		{2EAE77F2-A69B-4DC8-BCA6-233211A09E62}.Release|Any CPU.ActiveCfg = Release|Any CPU
		{2EAE77F2-A69B-4DC8-BCA6-233211A09E62}.Release|Any CPU.Build.0 = Release|Any CPU
		{35B1EDEB-A368-4B5F-B434-B295C8693F64}.Debug|Any CPU.ActiveCfg = Debug|Any CPU
		{35B1EDEB-A368-4B5F-B434-B295C8693F64}.Debug|Any CPU.Build.0 = Debug|Any CPU
		{35B1EDEB-A368-4B5F-B434-B295C8693F64}.Release|Any CPU.ActiveCfg = Release|Any CPU
		{35B1EDEB-A368-4B5F-B434-B295C8693F64}.Release|Any CPU.Build.0 = Release|Any CPU
	EndGlobalSection
	GlobalSection(SolutionProperties) = preSolution
		HideSolutionNode = FALSE
	EndGlobalSection
	GlobalSection(NestedProjects) = preSolution
		{F7739541-DFCA-496E-8512-0627A83B9BC9} = {7405D9B7-FFDF-462B-B577-D84288DE5480}
		{2EAE77F2-A69B-4DC8-BCA6-233211A09E62} = {00585ED5-E830-417D-9C9E-BC5E601EB3D5}
		{35B1EDEB-A368-4B5F-B434-B295C8693F64} = {00585ED5-E830-417D-9C9E-BC5E601EB3D5}
	EndGlobalSection
	GlobalSection(ExtensibilityGlobals) = postSolution
		SolutionGuid = {6E2DBA5C-B9DF-4315-A635-724060144950}
	EndGlobalSection
EndGlobal
