
Microsoft Visual Studio Solution File, Format Version 12.00
# Visual Studio Version 17
VisualStudioVersion = 17.3.32819.101
MinimumVisualStudioVersion = 10.0.40219.1
Project("{FAE04EC0-301F-11D3-BF4B-00C04F79EFBC}") = "Notes", "Notes\Notes.csproj", "{7C363587-050B-42AA-9DA4-4F056D6CC97E}"
EndProject
Project("{FAE04EC0-301F-11D3-BF4B-00C04F79EFBC}") = "DXSplashScreen", "WPF\DXSplashScreen\DXSplashScreen.csproj", "{F7739541-DFCA-496E-8512-0627A83B9BC9}"
EndProject
Project("{2150E333-8FDC-42A3-9474-1A3956D46DE8}") = "WPF", "WPF", "{7405D9B7-FFDF-462B-B577-D84288DE5480}"
EndProject
Project("{2150E333-8FDC-42A3-9474-1A3956D46DE8}") = "Demo", "Demo", "{00585ED5-E830-417D-9C9E-BC5E601EB3D5}"
EndProject
Project("{FAE04EC0-301F-11D3-BF4B-00C04F79EFBC}") = "线程Lock", "Demo\线程lock\线程Lock.csproj", "{2EAE77F2-A69B-4DC8-BCA6-233211A09E62}"
EndProject
Project("{FAE04EC0-301F-11D3-BF4B-00C04F79EFBC}") = "Timer计时器", "Demo\Timer计时器\Timer计时器.csproj", "{35B1EDEB-A368-4B5F-B434-B295C8693F64}"
EndProject
Project("{FAE04EC0-301F-11D3-BF4B-00C04F79EFBC}") = "人脸相似度识别", "Demo\人脸相似度识别\人脸相似度识别.csproj", "{5D9C3010-5CC4-4852-9E4E-E4AD8B75523D}"
EndProject
Project("{FAE04EC0-301F-11D3-BF4B-00C04F79EFBC}") = "FFMPEG", "Demo\FFMPEG\FFMPEG.csproj", "{A40A2EEE-EDDA-419E-9337-37760247C30B}"
EndProject
Project("{FAE04EC0-301F-11D3-BF4B-00C04F79EFBC}") = "LoadingWnd", "Demo\LoadingWnd\LoadingWnd.csproj", "{D9D1434D-50E4-45F4-94AE-97BBEAE3AF0F}"
EndProject
Project("{FAE04EC0-301F-11D3-BF4B-00C04F79EFBC}") = "NetMQ_Client", "Demo\NetMQ_Client\NetMQ_Client.csproj", "{65250E01-138A-4693-B55B-B551E5A385A9}"
EndProject
Project("{FAE04EC0-301F-11D3-BF4B-00C04F79EFBC}") = "NetMQ_Server", "Demo\NetMQ_Server\NetMQ_Server.csproj", "{8C4A2AC3-B5AF-4D38-93D1-7C21EE0D3696}"
EndProject
Project("{9A19103F-16F7-4668-BE54-9A1E7A4F7556}") = "AutomationServices.EmguCv", "AutomationServices.EmguCv\AutomationServices.EmguCv.csproj", "{3171F8F3-B192-4C65-90FF-5CEACB449C16}"
EndProject
Project("{2150E333-8FDC-42A3-9474-1A3956D46DE8}") = "MyProject", "MyProject", "{DBADF2C9-BC3F-4C50-B220-FE2000D70253}"
EndProject
Project("{FAE04EC0-301F-11D3-BF4B-00C04F79EFBC}") = "GTA挂机", "Demo\GTA挂机\GTA挂机.csproj", "{C9AF952C-E3DE-47F2-9DBB-C39F267251DA}"
EndProject
Project("{FAE04EC0-301F-11D3-BF4B-00C04F79EFBC}") = "PYAutoGui", "Demo\PYAutoGui\PYAutoGui.csproj", "{F800B9CB-EB4B-466D-A334-D1381D3D1FDB}"
EndProject
Project("{FAE04EC0-301F-11D3-BF4B-00C04F79EFBC}") = "R_Auto_Task", "Demo\R_Auto_Task\R_Auto_Task.csproj", "{2BDB4578-A039-49C7-A932-C9E36B9A3D8B}"
EndProject
Project("{FAE04EC0-301F-11D3-BF4B-00C04F79EFBC}") = "等待所有子线程结束", "Demo\等待所有子线程结束\等待所有子线程结束.csproj", "{486616B7-8A9E-4BC7-8A00-57320C304CF7}"
EndProject
Project("{2150E333-8FDC-42A3-9474-1A3956D46DE8}") = "QQAutoSignIn", "QQAutoSignIn", "{1E5A5B20-EA9B-4DD3-86EC-C00CBA0E7CF1}"
EndProject
Project("{FAE04EC0-301F-11D3-BF4B-00C04F79EFBC}") = "Services", "MyProject\AutoQQSignIn\Services\Services.csproj", "{3D9BA672-DA14-4E65-9BD4-06A0F4745710}"
EndProject
Project("{FAE04EC0-301F-11D3-BF4B-00C04F79EFBC}") = "AutoQQSignIn", "MyProject\AutoQQSignIn\AutoQQSignIn\AutoQQSignIn.csproj", "{DD5204CB-E36C-4D46-AC64-4A397467BAF7}"
EndProject
Project("{2150E333-8FDC-42A3-9474-1A3956D46DE8}") = "Selenium", "Selenium", "{FD96E41E-BB9D-427B-BA05-D8D93C70A61B}"
EndProject
Project("{FAE04EC0-301F-11D3-BF4B-00C04F79EFBC}") = "Selenium", "MyProject\Selenium\Selenium\Selenium.csproj", "{5F4568A0-8ABC-4F81-9245-F38951640078}"
EndProject
Project("{FAE04EC0-301F-11D3-BF4B-00C04F79EFBC}") = "QQZoneVisitor", "MyProject\Selenium\QQZoneVisitor\QQZoneVisitor.csproj", "{1A08FDA0-20ED-4FEB-A3EE-1BB55507956A}"
EndProject
Project("{FAE04EC0-301F-11D3-BF4B-00C04F79EFBC}") = "TestNuget", "TestNuget\TestNuget.csproj", "{1CF2FACC-BC52-48D8-BAB2-32D8EAE60C02}"
EndProject
Project("{FAE04EC0-301F-11D3-BF4B-00C04F79EFBC}") = "MandarinCertificatePhotos", "MandarinCertificatePhotos\MandarinCertificatePhotos.csproj", "{F8C310EB-D515-4039-9594-EDBC3C71714A}"
EndProject
Project("{2150E333-8FDC-42A3-9474-1A3956D46DE8}") = "QQ_Quickspot", "QQ_Quickspot", "{19AB95A1-BD62-4E4B-9EED-51C462841B27}"
EndProject
Project("{2150E333-8FDC-42A3-9474-1A3956D46DE8}") = "VideoWeb", "VideoWeb", "{95FA4490-28C6-4240-AF28-75D75E5C0BDF}"
EndProject
Project("{FAE04EC0-301F-11D3-BF4B-00C04F79EFBC}") = "Quickspot", "MyProject\Quickspot\Quickspot.csproj", "{388BC122-B3FA-44B7-9847-F4210A72C9BE}"
EndProject
Project("{9A19103F-16F7-4668-BE54-9A1E7A4F7556}") = "VideoWeb", "MyProject\VideoWeb\VideoWeb.csproj", "{C4E01462-FE2F-4A7D-AA4C-A868C81498EA}"
EndProject
Project("{FAE04EC0-301F-11D3-BF4B-00C04F79EFBC}") = "QQSpeed_SmartApp", "MyProject\QQSpeed_SmartApp\QQSpeed_SmartApp.csproj", "{3A03A6C5-D706-4258-A68A-243550DF9B21}"
EndProject
Project("{2150E333-8FDC-42A3-9474-1A3956D46DE8}") = "QQSpeed", "QQSpeed", "{8E074AA9-2A7D-4A49-841A-6312C28EA271}"
EndProject
Project("{2150E333-8FDC-42A3-9474-1A3956D46DE8}") = "DesktopIconTool", "DesktopIconTool", "{32358D1A-0E82-4ED3-B633-F9D075201E82}"
EndProject
Project("{FAE04EC0-301F-11D3-BF4B-00C04F79EFBC}") = "DesktopIcon", "MyProject\DesktopIcon\DesktopIcon.csproj", "{29502734-6F3C-4C01-9715-038C0AA75908}"
EndProject
Global
	GlobalSection(SolutionConfigurationPlatforms) = preSolution
		Debug|Any CPU = Debug|Any CPU
		Debug|x64 = Debug|x64
		Debug|x86 = Debug|x86
		Release|Any CPU = Release|Any CPU
		Release|x64 = Release|x64
		Release|x86 = Release|x86
	EndGlobalSection
	GlobalSection(ProjectConfigurationPlatforms) = postSolution
		{7C363587-050B-42AA-9DA4-4F056D6CC97E}.Debug|Any CPU.ActiveCfg = Debug|Any CPU
		{7C363587-050B-42AA-9DA4-4F056D6CC97E}.Debug|Any CPU.Build.0 = Debug|Any CPU
		{7C363587-050B-42AA-9DA4-4F056D6CC97E}.Debug|x64.ActiveCfg = Debug|Any CPU
		{7C363587-050B-42AA-9DA4-4F056D6CC97E}.Debug|x64.Build.0 = Debug|Any CPU
		{7C363587-050B-42AA-9DA4-4F056D6CC97E}.Debug|x86.ActiveCfg = Debug|Any CPU
		{7C363587-050B-42AA-9DA4-4F056D6CC97E}.Debug|x86.Build.0 = Debug|Any CPU
		{7C363587-050B-42AA-9DA4-4F056D6CC97E}.Release|Any CPU.ActiveCfg = Release|Any CPU
		{7C363587-050B-42AA-9DA4-4F056D6CC97E}.Release|Any CPU.Build.0 = Release|Any CPU
		{7C363587-050B-42AA-9DA4-4F056D6CC97E}.Release|x64.ActiveCfg = Release|Any CPU
		{7C363587-050B-42AA-9DA4-4F056D6CC97E}.Release|x64.Build.0 = Release|Any CPU
		{7C363587-050B-42AA-9DA4-4F056D6CC97E}.Release|x86.ActiveCfg = Release|Any CPU
		{7C363587-050B-42AA-9DA4-4F056D6CC97E}.Release|x86.Build.0 = Release|Any CPU
		{F7739541-DFCA-496E-8512-0627A83B9BC9}.Debug|Any CPU.ActiveCfg = Debug|Any CPU
		{F7739541-DFCA-496E-8512-0627A83B9BC9}.Debug|Any CPU.Build.0 = Debug|Any CPU
		{F7739541-DFCA-496E-8512-0627A83B9BC9}.Debug|x64.ActiveCfg = Debug|Any CPU
		{F7739541-DFCA-496E-8512-0627A83B9BC9}.Debug|x64.Build.0 = Debug|Any CPU
		{F7739541-DFCA-496E-8512-0627A83B9BC9}.Debug|x86.ActiveCfg = Debug|Any CPU
		{F7739541-DFCA-496E-8512-0627A83B9BC9}.Debug|x86.Build.0 = Debug|Any CPU
		{F7739541-DFCA-496E-8512-0627A83B9BC9}.Release|Any CPU.ActiveCfg = Release|Any CPU
		{F7739541-DFCA-496E-8512-0627A83B9BC9}.Release|Any CPU.Build.0 = Release|Any CPU
		{F7739541-DFCA-496E-8512-0627A83B9BC9}.Release|x64.ActiveCfg = Release|Any CPU
		{F7739541-DFCA-496E-8512-0627A83B9BC9}.Release|x64.Build.0 = Release|Any CPU
		{F7739541-DFCA-496E-8512-0627A83B9BC9}.Release|x86.ActiveCfg = Release|Any CPU
		{F7739541-DFCA-496E-8512-0627A83B9BC9}.Release|x86.Build.0 = Release|Any CPU
		{2EAE77F2-A69B-4DC8-BCA6-233211A09E62}.Debug|Any CPU.ActiveCfg = Debug|Any CPU
		{2EAE77F2-A69B-4DC8-BCA6-233211A09E62}.Debug|Any CPU.Build.0 = Debug|Any CPU
		{2EAE77F2-A69B-4DC8-BCA6-233211A09E62}.Debug|x64.ActiveCfg = Debug|Any CPU
		{2EAE77F2-A69B-4DC8-BCA6-233211A09E62}.Debug|x64.Build.0 = Debug|Any CPU
		{2EAE77F2-A69B-4DC8-BCA6-233211A09E62}.Debug|x86.ActiveCfg = Debug|Any CPU
		{2EAE77F2-A69B-4DC8-BCA6-233211A09E62}.Debug|x86.Build.0 = Debug|Any CPU
		{2EAE77F2-A69B-4DC8-BCA6-233211A09E62}.Release|Any CPU.ActiveCfg = Release|Any CPU
		{2EAE77F2-A69B-4DC8-BCA6-233211A09E62}.Release|Any CPU.Build.0 = Release|Any CPU
		{2EAE77F2-A69B-4DC8-BCA6-233211A09E62}.Release|x64.ActiveCfg = Release|Any CPU
		{2EAE77F2-A69B-4DC8-BCA6-233211A09E62}.Release|x64.Build.0 = Release|Any CPU
		{2EAE77F2-A69B-4DC8-BCA6-233211A09E62}.Release|x86.ActiveCfg = Release|Any CPU
		{2EAE77F2-A69B-4DC8-BCA6-233211A09E62}.Release|x86.Build.0 = Release|Any CPU
		{35B1EDEB-A368-4B5F-B434-B295C8693F64}.Debug|Any CPU.ActiveCfg = Debug|Any CPU
		{35B1EDEB-A368-4B5F-B434-B295C8693F64}.Debug|Any CPU.Build.0 = Debug|Any CPU
		{35B1EDEB-A368-4B5F-B434-B295C8693F64}.Debug|x64.ActiveCfg = Debug|Any CPU
		{35B1EDEB-A368-4B5F-B434-B295C8693F64}.Debug|x64.Build.0 = Debug|Any CPU
		{35B1EDEB-A368-4B5F-B434-B295C8693F64}.Debug|x86.ActiveCfg = Debug|Any CPU
		{35B1EDEB-A368-4B5F-B434-B295C8693F64}.Debug|x86.Build.0 = Debug|Any CPU
		{35B1EDEB-A368-4B5F-B434-B295C8693F64}.Release|Any CPU.ActiveCfg = Release|Any CPU
		{35B1EDEB-A368-4B5F-B434-B295C8693F64}.Release|Any CPU.Build.0 = Release|Any CPU
		{35B1EDEB-A368-4B5F-B434-B295C8693F64}.Release|x64.ActiveCfg = Release|Any CPU
		{35B1EDEB-A368-4B5F-B434-B295C8693F64}.Release|x64.Build.0 = Release|Any CPU
		{35B1EDEB-A368-4B5F-B434-B295C8693F64}.Release|x86.ActiveCfg = Release|Any CPU
		{35B1EDEB-A368-4B5F-B434-B295C8693F64}.Release|x86.Build.0 = Release|Any CPU
		{5D9C3010-5CC4-4852-9E4E-E4AD8B75523D}.Debug|Any CPU.ActiveCfg = Debug|Any CPU
		{5D9C3010-5CC4-4852-9E4E-E4AD8B75523D}.Debug|Any CPU.Build.0 = Debug|Any CPU
		{5D9C3010-5CC4-4852-9E4E-E4AD8B75523D}.Debug|x64.ActiveCfg = Debug|Any CPU
		{5D9C3010-5CC4-4852-9E4E-E4AD8B75523D}.Debug|x64.Build.0 = Debug|Any CPU
		{5D9C3010-5CC4-4852-9E4E-E4AD8B75523D}.Debug|x86.ActiveCfg = Debug|Any CPU
		{5D9C3010-5CC4-4852-9E4E-E4AD8B75523D}.Debug|x86.Build.0 = Debug|Any CPU
		{5D9C3010-5CC4-4852-9E4E-E4AD8B75523D}.Release|Any CPU.ActiveCfg = Release|Any CPU
		{5D9C3010-5CC4-4852-9E4E-E4AD8B75523D}.Release|Any CPU.Build.0 = Release|Any CPU
		{5D9C3010-5CC4-4852-9E4E-E4AD8B75523D}.Release|x64.ActiveCfg = Release|Any CPU
		{5D9C3010-5CC4-4852-9E4E-E4AD8B75523D}.Release|x64.Build.0 = Release|Any CPU
		{5D9C3010-5CC4-4852-9E4E-E4AD8B75523D}.Release|x86.ActiveCfg = Release|Any CPU
		{5D9C3010-5CC4-4852-9E4E-E4AD8B75523D}.Release|x86.Build.0 = Release|Any CPU
		{A40A2EEE-EDDA-419E-9337-37760247C30B}.Debug|Any CPU.ActiveCfg = Debug|Any CPU
		{A40A2EEE-EDDA-419E-9337-37760247C30B}.Debug|Any CPU.Build.0 = Debug|Any CPU
		{A40A2EEE-EDDA-419E-9337-37760247C30B}.Debug|x64.ActiveCfg = Debug|Any CPU
		{A40A2EEE-EDDA-419E-9337-37760247C30B}.Debug|x64.Build.0 = Debug|Any CPU
		{A40A2EEE-EDDA-419E-9337-37760247C30B}.Debug|x86.ActiveCfg = Debug|Any CPU
		{A40A2EEE-EDDA-419E-9337-37760247C30B}.Debug|x86.Build.0 = Debug|Any CPU
		{A40A2EEE-EDDA-419E-9337-37760247C30B}.Release|Any CPU.ActiveCfg = Release|Any CPU
		{A40A2EEE-EDDA-419E-9337-37760247C30B}.Release|Any CPU.Build.0 = Release|Any CPU
		{A40A2EEE-EDDA-419E-9337-37760247C30B}.Release|x64.ActiveCfg = Release|Any CPU
		{A40A2EEE-EDDA-419E-9337-37760247C30B}.Release|x64.Build.0 = Release|Any CPU
		{A40A2EEE-EDDA-419E-9337-37760247C30B}.Release|x86.ActiveCfg = Release|Any CPU
		{A40A2EEE-EDDA-419E-9337-37760247C30B}.Release|x86.Build.0 = Release|Any CPU
		{D9D1434D-50E4-45F4-94AE-97BBEAE3AF0F}.Debug|Any CPU.ActiveCfg = Debug|Any CPU
		{D9D1434D-50E4-45F4-94AE-97BBEAE3AF0F}.Debug|Any CPU.Build.0 = Debug|Any CPU
		{D9D1434D-50E4-45F4-94AE-97BBEAE3AF0F}.Debug|x64.ActiveCfg = Debug|Any CPU
		{D9D1434D-50E4-45F4-94AE-97BBEAE3AF0F}.Debug|x64.Build.0 = Debug|Any CPU
		{D9D1434D-50E4-45F4-94AE-97BBEAE3AF0F}.Debug|x86.ActiveCfg = Debug|Any CPU
		{D9D1434D-50E4-45F4-94AE-97BBEAE3AF0F}.Debug|x86.Build.0 = Debug|Any CPU
		{D9D1434D-50E4-45F4-94AE-97BBEAE3AF0F}.Release|Any CPU.ActiveCfg = Release|Any CPU
		{D9D1434D-50E4-45F4-94AE-97BBEAE3AF0F}.Release|Any CPU.Build.0 = Release|Any CPU
		{D9D1434D-50E4-45F4-94AE-97BBEAE3AF0F}.Release|x64.ActiveCfg = Release|Any CPU
		{D9D1434D-50E4-45F4-94AE-97BBEAE3AF0F}.Release|x64.Build.0 = Release|Any CPU
		{D9D1434D-50E4-45F4-94AE-97BBEAE3AF0F}.Release|x86.ActiveCfg = Release|Any CPU
		{D9D1434D-50E4-45F4-94AE-97BBEAE3AF0F}.Release|x86.Build.0 = Release|Any CPU
		{65250E01-138A-4693-B55B-B551E5A385A9}.Debug|Any CPU.ActiveCfg = Debug|Any CPU
		{65250E01-138A-4693-B55B-B551E5A385A9}.Debug|Any CPU.Build.0 = Debug|Any CPU
		{65250E01-138A-4693-B55B-B551E5A385A9}.Debug|x64.ActiveCfg = Debug|Any CPU
		{65250E01-138A-4693-B55B-B551E5A385A9}.Debug|x64.Build.0 = Debug|Any CPU
		{65250E01-138A-4693-B55B-B551E5A385A9}.Debug|x86.ActiveCfg = Debug|Any CPU
		{65250E01-138A-4693-B55B-B551E5A385A9}.Debug|x86.Build.0 = Debug|Any CPU
		{65250E01-138A-4693-B55B-B551E5A385A9}.Release|Any CPU.ActiveCfg = Release|Any CPU
		{65250E01-138A-4693-B55B-B551E5A385A9}.Release|Any CPU.Build.0 = Release|Any CPU
		{65250E01-138A-4693-B55B-B551E5A385A9}.Release|x64.ActiveCfg = Release|Any CPU
		{65250E01-138A-4693-B55B-B551E5A385A9}.Release|x64.Build.0 = Release|Any CPU
		{65250E01-138A-4693-B55B-B551E5A385A9}.Release|x86.ActiveCfg = Release|Any CPU
		{65250E01-138A-4693-B55B-B551E5A385A9}.Release|x86.Build.0 = Release|Any CPU
		{8C4A2AC3-B5AF-4D38-93D1-7C21EE0D3696}.Debug|Any CPU.ActiveCfg = Debug|Any CPU
		{8C4A2AC3-B5AF-4D38-93D1-7C21EE0D3696}.Debug|Any CPU.Build.0 = Debug|Any CPU
		{8C4A2AC3-B5AF-4D38-93D1-7C21EE0D3696}.Debug|x64.ActiveCfg = Debug|Any CPU
		{8C4A2AC3-B5AF-4D38-93D1-7C21EE0D3696}.Debug|x64.Build.0 = Debug|Any CPU
		{8C4A2AC3-B5AF-4D38-93D1-7C21EE0D3696}.Debug|x86.ActiveCfg = Debug|Any CPU
		{8C4A2AC3-B5AF-4D38-93D1-7C21EE0D3696}.Debug|x86.Build.0 = Debug|Any CPU
		{8C4A2AC3-B5AF-4D38-93D1-7C21EE0D3696}.Release|Any CPU.ActiveCfg = Release|Any CPU
		{8C4A2AC3-B5AF-4D38-93D1-7C21EE0D3696}.Release|Any CPU.Build.0 = Release|Any CPU
		{8C4A2AC3-B5AF-4D38-93D1-7C21EE0D3696}.Release|x64.ActiveCfg = Release|Any CPU
		{8C4A2AC3-B5AF-4D38-93D1-7C21EE0D3696}.Release|x64.Build.0 = Release|Any CPU
		{8C4A2AC3-B5AF-4D38-93D1-7C21EE0D3696}.Release|x86.ActiveCfg = Release|Any CPU
		{8C4A2AC3-B5AF-4D38-93D1-7C21EE0D3696}.Release|x86.Build.0 = Release|Any CPU
		{3171F8F3-B192-4C65-90FF-5CEACB449C16}.Debug|Any CPU.ActiveCfg = Debug|Any CPU
		{3171F8F3-B192-4C65-90FF-5CEACB449C16}.Debug|Any CPU.Build.0 = Debug|Any CPU
		{3171F8F3-B192-4C65-90FF-5CEACB449C16}.Debug|x64.ActiveCfg = Debug|Any CPU
		{3171F8F3-B192-4C65-90FF-5CEACB449C16}.Debug|x64.Build.0 = Debug|Any CPU
		{3171F8F3-B192-4C65-90FF-5CEACB449C16}.Debug|x86.ActiveCfg = Debug|Any CPU
		{3171F8F3-B192-4C65-90FF-5CEACB449C16}.Debug|x86.Build.0 = Debug|Any CPU
		{3171F8F3-B192-4C65-90FF-5CEACB449C16}.Release|Any CPU.ActiveCfg = Release|Any CPU
		{3171F8F3-B192-4C65-90FF-5CEACB449C16}.Release|Any CPU.Build.0 = Release|Any CPU
		{3171F8F3-B192-4C65-90FF-5CEACB449C16}.Release|x64.ActiveCfg = Release|Any CPU
		{3171F8F3-B192-4C65-90FF-5CEACB449C16}.Release|x64.Build.0 = Release|Any CPU
		{3171F8F3-B192-4C65-90FF-5CEACB449C16}.Release|x86.ActiveCfg = Release|Any CPU
		{3171F8F3-B192-4C65-90FF-5CEACB449C16}.Release|x86.Build.0 = Release|Any CPU
		{C9AF952C-E3DE-47F2-9DBB-C39F267251DA}.Debug|Any CPU.ActiveCfg = Debug|Any CPU
		{C9AF952C-E3DE-47F2-9DBB-C39F267251DA}.Debug|Any CPU.Build.0 = Debug|Any CPU
		{C9AF952C-E3DE-47F2-9DBB-C39F267251DA}.Debug|x64.ActiveCfg = Debug|x64
		{C9AF952C-E3DE-47F2-9DBB-C39F267251DA}.Debug|x64.Build.0 = Debug|x64
		{C9AF952C-E3DE-47F2-9DBB-C39F267251DA}.Debug|x86.ActiveCfg = Debug|Any CPU
		{C9AF952C-E3DE-47F2-9DBB-C39F267251DA}.Debug|x86.Build.0 = Debug|Any CPU
		{C9AF952C-E3DE-47F2-9DBB-C39F267251DA}.Release|Any CPU.ActiveCfg = Release|Any CPU
		{C9AF952C-E3DE-47F2-9DBB-C39F267251DA}.Release|Any CPU.Build.0 = Release|Any CPU
		{C9AF952C-E3DE-47F2-9DBB-C39F267251DA}.Release|x64.ActiveCfg = Release|x64
		{C9AF952C-E3DE-47F2-9DBB-C39F267251DA}.Release|x64.Build.0 = Release|x64
		{C9AF952C-E3DE-47F2-9DBB-C39F267251DA}.Release|x86.ActiveCfg = Release|Any CPU
		{C9AF952C-E3DE-47F2-9DBB-C39F267251DA}.Release|x86.Build.0 = Release|Any CPU
		{F800B9CB-EB4B-466D-A334-D1381D3D1FDB}.Debug|Any CPU.ActiveCfg = Debug|Any CPU
		{F800B9CB-EB4B-466D-A334-D1381D3D1FDB}.Debug|Any CPU.Build.0 = Debug|Any CPU
		{F800B9CB-EB4B-466D-A334-D1381D3D1FDB}.Debug|x64.ActiveCfg = Debug|Any CPU
		{F800B9CB-EB4B-466D-A334-D1381D3D1FDB}.Debug|x64.Build.0 = Debug|Any CPU
		{F800B9CB-EB4B-466D-A334-D1381D3D1FDB}.Debug|x86.ActiveCfg = Debug|Any CPU
		{F800B9CB-EB4B-466D-A334-D1381D3D1FDB}.Debug|x86.Build.0 = Debug|Any CPU
		{F800B9CB-EB4B-466D-A334-D1381D3D1FDB}.Release|Any CPU.ActiveCfg = Release|Any CPU
		{F800B9CB-EB4B-466D-A334-D1381D3D1FDB}.Release|Any CPU.Build.0 = Release|Any CPU
		{F800B9CB-EB4B-466D-A334-D1381D3D1FDB}.Release|x64.ActiveCfg = Release|Any CPU
		{F800B9CB-EB4B-466D-A334-D1381D3D1FDB}.Release|x64.Build.0 = Release|Any CPU
		{F800B9CB-EB4B-466D-A334-D1381D3D1FDB}.Release|x86.ActiveCfg = Release|Any CPU
		{F800B9CB-EB4B-466D-A334-D1381D3D1FDB}.Release|x86.Build.0 = Release|Any CPU
		{2BDB4578-A039-49C7-A932-C9E36B9A3D8B}.Debug|Any CPU.ActiveCfg = Debug|Any CPU
		{2BDB4578-A039-49C7-A932-C9E36B9A3D8B}.Debug|Any CPU.Build.0 = Debug|Any CPU
		{2BDB4578-A039-49C7-A932-C9E36B9A3D8B}.Debug|x64.ActiveCfg = Debug|Any CPU
		{2BDB4578-A039-49C7-A932-C9E36B9A3D8B}.Debug|x64.Build.0 = Debug|Any CPU
		{2BDB4578-A039-49C7-A932-C9E36B9A3D8B}.Debug|x86.ActiveCfg = Debug|Any CPU
		{2BDB4578-A039-49C7-A932-C9E36B9A3D8B}.Debug|x86.Build.0 = Debug|Any CPU
		{2BDB4578-A039-49C7-A932-C9E36B9A3D8B}.Release|Any CPU.ActiveCfg = Release|Any CPU
		{2BDB4578-A039-49C7-A932-C9E36B9A3D8B}.Release|Any CPU.Build.0 = Release|Any CPU
		{2BDB4578-A039-49C7-A932-C9E36B9A3D8B}.Release|x64.ActiveCfg = Release|Any CPU
		{2BDB4578-A039-49C7-A932-C9E36B9A3D8B}.Release|x64.Build.0 = Release|Any CPU
		{2BDB4578-A039-49C7-A932-C9E36B9A3D8B}.Release|x86.ActiveCfg = Release|Any CPU
		{2BDB4578-A039-49C7-A932-C9E36B9A3D8B}.Release|x86.Build.0 = Release|Any CPU
		{486616B7-8A9E-4BC7-8A00-57320C304CF7}.Debug|Any CPU.ActiveCfg = Debug|Any CPU
		{486616B7-8A9E-4BC7-8A00-57320C304CF7}.Debug|Any CPU.Build.0 = Debug|Any CPU
		{486616B7-8A9E-4BC7-8A00-57320C304CF7}.Debug|x64.ActiveCfg = Debug|Any CPU
		{486616B7-8A9E-4BC7-8A00-57320C304CF7}.Debug|x64.Build.0 = Debug|Any CPU
		{486616B7-8A9E-4BC7-8A00-57320C304CF7}.Debug|x86.ActiveCfg = Debug|Any CPU
		{486616B7-8A9E-4BC7-8A00-57320C304CF7}.Debug|x86.Build.0 = Debug|Any CPU
		{486616B7-8A9E-4BC7-8A00-57320C304CF7}.Release|Any CPU.ActiveCfg = Release|Any CPU
		{486616B7-8A9E-4BC7-8A00-57320C304CF7}.Release|Any CPU.Build.0 = Release|Any CPU
		{486616B7-8A9E-4BC7-8A00-57320C304CF7}.Release|x64.ActiveCfg = Release|Any CPU
		{486616B7-8A9E-4BC7-8A00-57320C304CF7}.Release|x64.Build.0 = Release|Any CPU
		{486616B7-8A9E-4BC7-8A00-57320C304CF7}.Release|x86.ActiveCfg = Release|Any CPU
		{486616B7-8A9E-4BC7-8A00-57320C304CF7}.Release|x86.Build.0 = Release|Any CPU
		{3D9BA672-DA14-4E65-9BD4-06A0F4745710}.Debug|Any CPU.ActiveCfg = Debug|Any CPU
		{3D9BA672-DA14-4E65-9BD4-06A0F4745710}.Debug|Any CPU.Build.0 = Debug|Any CPU
		{3D9BA672-DA14-4E65-9BD4-06A0F4745710}.Debug|x64.ActiveCfg = Debug|Any CPU
		{3D9BA672-DA14-4E65-9BD4-06A0F4745710}.Debug|x64.Build.0 = Debug|Any CPU
		{3D9BA672-DA14-4E65-9BD4-06A0F4745710}.Debug|x86.ActiveCfg = Debug|Any CPU
		{3D9BA672-DA14-4E65-9BD4-06A0F4745710}.Debug|x86.Build.0 = Debug|Any CPU
		{3D9BA672-DA14-4E65-9BD4-06A0F4745710}.Release|Any CPU.ActiveCfg = Release|Any CPU
		{3D9BA672-DA14-4E65-9BD4-06A0F4745710}.Release|Any CPU.Build.0 = Release|Any CPU
		{3D9BA672-DA14-4E65-9BD4-06A0F4745710}.Release|x64.ActiveCfg = Release|Any CPU
		{3D9BA672-DA14-4E65-9BD4-06A0F4745710}.Release|x64.Build.0 = Release|Any CPU
		{3D9BA672-DA14-4E65-9BD4-06A0F4745710}.Release|x86.ActiveCfg = Release|Any CPU
		{3D9BA672-DA14-4E65-9BD4-06A0F4745710}.Release|x86.Build.0 = Release|Any CPU
		{DD5204CB-E36C-4D46-AC64-4A397467BAF7}.Debug|Any CPU.ActiveCfg = Debug|Any CPU
		{DD5204CB-E36C-4D46-AC64-4A397467BAF7}.Debug|Any CPU.Build.0 = Debug|Any CPU
		{DD5204CB-E36C-4D46-AC64-4A397467BAF7}.Debug|x64.ActiveCfg = Debug|Any CPU
		{DD5204CB-E36C-4D46-AC64-4A397467BAF7}.Debug|x64.Build.0 = Debug|Any CPU
		{DD5204CB-E36C-4D46-AC64-4A397467BAF7}.Debug|x86.ActiveCfg = Debug|Any CPU
		{DD5204CB-E36C-4D46-AC64-4A397467BAF7}.Debug|x86.Build.0 = Debug|Any CPU
		{DD5204CB-E36C-4D46-AC64-4A397467BAF7}.Release|Any CPU.ActiveCfg = Release|Any CPU
		{DD5204CB-E36C-4D46-AC64-4A397467BAF7}.Release|Any CPU.Build.0 = Release|Any CPU
		{DD5204CB-E36C-4D46-AC64-4A397467BAF7}.Release|x64.ActiveCfg = Release|Any CPU
		{DD5204CB-E36C-4D46-AC64-4A397467BAF7}.Release|x64.Build.0 = Release|Any CPU
		{DD5204CB-E36C-4D46-AC64-4A397467BAF7}.Release|x86.ActiveCfg = Release|Any CPU
		{DD5204CB-E36C-4D46-AC64-4A397467BAF7}.Release|x86.Build.0 = Release|Any CPU
		{5F4568A0-8ABC-4F81-9245-F38951640078}.Debug|Any CPU.ActiveCfg = Debug|Any CPU
		{5F4568A0-8ABC-4F81-9245-F38951640078}.Debug|Any CPU.Build.0 = Debug|Any CPU
		{5F4568A0-8ABC-4F81-9245-F38951640078}.Debug|x64.ActiveCfg = Debug|Any CPU
		{5F4568A0-8ABC-4F81-9245-F38951640078}.Debug|x64.Build.0 = Debug|Any CPU
		{5F4568A0-8ABC-4F81-9245-F38951640078}.Debug|x86.ActiveCfg = Debug|Any CPU
		{5F4568A0-8ABC-4F81-9245-F38951640078}.Debug|x86.Build.0 = Debug|Any CPU
		{5F4568A0-8ABC-4F81-9245-F38951640078}.Release|Any CPU.ActiveCfg = Release|Any CPU
		{5F4568A0-8ABC-4F81-9245-F38951640078}.Release|Any CPU.Build.0 = Release|Any CPU
		{5F4568A0-8ABC-4F81-9245-F38951640078}.Release|x64.ActiveCfg = Release|Any CPU
		{5F4568A0-8ABC-4F81-9245-F38951640078}.Release|x64.Build.0 = Release|Any CPU
		{5F4568A0-8ABC-4F81-9245-F38951640078}.Release|x86.ActiveCfg = Release|Any CPU
		{5F4568A0-8ABC-4F81-9245-F38951640078}.Release|x86.Build.0 = Release|Any CPU
		{1A08FDA0-20ED-4FEB-A3EE-1BB55507956A}.Debug|Any CPU.ActiveCfg = Debug|Any CPU
		{1A08FDA0-20ED-4FEB-A3EE-1BB55507956A}.Debug|Any CPU.Build.0 = Debug|Any CPU
		{1A08FDA0-20ED-4FEB-A3EE-1BB55507956A}.Debug|x64.ActiveCfg = Debug|Any CPU
		{1A08FDA0-20ED-4FEB-A3EE-1BB55507956A}.Debug|x64.Build.0 = Debug|Any CPU
		{1A08FDA0-20ED-4FEB-A3EE-1BB55507956A}.Debug|x86.ActiveCfg = Debug|Any CPU
		{1A08FDA0-20ED-4FEB-A3EE-1BB55507956A}.Debug|x86.Build.0 = Debug|Any CPU
		{1A08FDA0-20ED-4FEB-A3EE-1BB55507956A}.Release|Any CPU.ActiveCfg = Release|Any CPU
		{1A08FDA0-20ED-4FEB-A3EE-1BB55507956A}.Release|Any CPU.Build.0 = Release|Any CPU
		{1A08FDA0-20ED-4FEB-A3EE-1BB55507956A}.Release|x64.ActiveCfg = Release|Any CPU
		{1A08FDA0-20ED-4FEB-A3EE-1BB55507956A}.Release|x64.Build.0 = Release|Any CPU
		{1A08FDA0-20ED-4FEB-A3EE-1BB55507956A}.Release|x86.ActiveCfg = Release|Any CPU
		{1A08FDA0-20ED-4FEB-A3EE-1BB55507956A}.Release|x86.Build.0 = Release|Any CPU
		{1CF2FACC-BC52-48D8-BAB2-32D8EAE60C02}.Debug|Any CPU.ActiveCfg = Debug|Any CPU
		{1CF2FACC-BC52-48D8-BAB2-32D8EAE60C02}.Debug|Any CPU.Build.0 = Debug|Any CPU
		{1CF2FACC-BC52-48D8-BAB2-32D8EAE60C02}.Debug|x64.ActiveCfg = Debug|Any CPU
		{1CF2FACC-BC52-48D8-BAB2-32D8EAE60C02}.Debug|x64.Build.0 = Debug|Any CPU
		{1CF2FACC-BC52-48D8-BAB2-32D8EAE60C02}.Debug|x86.ActiveCfg = Debug|Any CPU
		{1CF2FACC-BC52-48D8-BAB2-32D8EAE60C02}.Debug|x86.Build.0 = Debug|Any CPU
		{1CF2FACC-BC52-48D8-BAB2-32D8EAE60C02}.Release|Any CPU.ActiveCfg = Release|Any CPU
		{1CF2FACC-BC52-48D8-BAB2-32D8EAE60C02}.Release|Any CPU.Build.0 = Release|Any CPU
		{1CF2FACC-BC52-48D8-BAB2-32D8EAE60C02}.Release|x64.ActiveCfg = Release|Any CPU
		{1CF2FACC-BC52-48D8-BAB2-32D8EAE60C02}.Release|x64.Build.0 = Release|Any CPU
		{1CF2FACC-BC52-48D8-BAB2-32D8EAE60C02}.Release|x86.ActiveCfg = Release|Any CPU
		{1CF2FACC-BC52-48D8-BAB2-32D8EAE60C02}.Release|x86.Build.0 = Release|Any CPU
		{F8C310EB-D515-4039-9594-EDBC3C71714A}.Debug|Any CPU.ActiveCfg = Debug|Any CPU
		{F8C310EB-D515-4039-9594-EDBC3C71714A}.Debug|Any CPU.Build.0 = Debug|Any CPU
		{F8C310EB-D515-4039-9594-EDBC3C71714A}.Debug|x64.ActiveCfg = Debug|Any CPU
		{F8C310EB-D515-4039-9594-EDBC3C71714A}.Debug|x64.Build.0 = Debug|Any CPU
		{F8C310EB-D515-4039-9594-EDBC3C71714A}.Debug|x86.ActiveCfg = Debug|Any CPU
		{F8C310EB-D515-4039-9594-EDBC3C71714A}.Debug|x86.Build.0 = Debug|Any CPU
		{F8C310EB-D515-4039-9594-EDBC3C71714A}.Release|Any CPU.ActiveCfg = Release|Any CPU
		{F8C310EB-D515-4039-9594-EDBC3C71714A}.Release|Any CPU.Build.0 = Release|Any CPU
		{F8C310EB-D515-4039-9594-EDBC3C71714A}.Release|x64.ActiveCfg = Release|Any CPU
		{F8C310EB-D515-4039-9594-EDBC3C71714A}.Release|x64.Build.0 = Release|Any CPU
		{F8C310EB-D515-4039-9594-EDBC3C71714A}.Release|x86.ActiveCfg = Release|Any CPU
		{F8C310EB-D515-4039-9594-EDBC3C71714A}.Release|x86.Build.0 = Release|Any CPU
		{388BC122-B3FA-44B7-9847-F4210A72C9BE}.Debug|Any CPU.ActiveCfg = Debug|Any CPU
		{388BC122-B3FA-44B7-9847-F4210A72C9BE}.Debug|Any CPU.Build.0 = Debug|Any CPU
		{388BC122-B3FA-44B7-9847-F4210A72C9BE}.Debug|x64.ActiveCfg = Debug|Any CPU
		{388BC122-B3FA-44B7-9847-F4210A72C9BE}.Debug|x64.Build.0 = Debug|Any CPU
		{388BC122-B3FA-44B7-9847-F4210A72C9BE}.Debug|x86.ActiveCfg = Debug|Any CPU
		{388BC122-B3FA-44B7-9847-F4210A72C9BE}.Debug|x86.Build.0 = Debug|Any CPU
		{388BC122-B3FA-44B7-9847-F4210A72C9BE}.Release|Any CPU.ActiveCfg = Release|Any CPU
		{388BC122-B3FA-44B7-9847-F4210A72C9BE}.Release|Any CPU.Build.0 = Release|Any CPU
		{388BC122-B3FA-44B7-9847-F4210A72C9BE}.Release|x64.ActiveCfg = Release|Any CPU
		{388BC122-B3FA-44B7-9847-F4210A72C9BE}.Release|x64.Build.0 = Release|Any CPU
		{388BC122-B3FA-44B7-9847-F4210A72C9BE}.Release|x86.ActiveCfg = Release|Any CPU
		{388BC122-B3FA-44B7-9847-F4210A72C9BE}.Release|x86.Build.0 = Release|Any CPU
		{C4E01462-FE2F-4A7D-AA4C-A868C81498EA}.Debug|Any CPU.ActiveCfg = Debug|Any CPU
		{C4E01462-FE2F-4A7D-AA4C-A868C81498EA}.Debug|Any CPU.Build.0 = Debug|Any CPU
		{C4E01462-FE2F-4A7D-AA4C-A868C81498EA}.Debug|x64.ActiveCfg = Debug|Any CPU
		{C4E01462-FE2F-4A7D-AA4C-A868C81498EA}.Debug|x64.Build.0 = Debug|Any CPU
		{C4E01462-FE2F-4A7D-AA4C-A868C81498EA}.Debug|x86.ActiveCfg = Debug|Any CPU
		{C4E01462-FE2F-4A7D-AA4C-A868C81498EA}.Debug|x86.Build.0 = Debug|Any CPU
		{C4E01462-FE2F-4A7D-AA4C-A868C81498EA}.Release|Any CPU.ActiveCfg = Release|Any CPU
		{C4E01462-FE2F-4A7D-AA4C-A868C81498EA}.Release|Any CPU.Build.0 = Release|Any CPU
		{C4E01462-FE2F-4A7D-AA4C-A868C81498EA}.Release|x64.ActiveCfg = Release|Any CPU
		{C4E01462-FE2F-4A7D-AA4C-A868C81498EA}.Release|x64.Build.0 = Release|Any CPU
		{C4E01462-FE2F-4A7D-AA4C-A868C81498EA}.Release|x86.ActiveCfg = Release|Any CPU
		{C4E01462-FE2F-4A7D-AA4C-A868C81498EA}.Release|x86.Build.0 = Release|Any CPU
		{3A03A6C5-D706-4258-A68A-243550DF9B21}.Debug|Any CPU.ActiveCfg = Debug|Any CPU
		{3A03A6C5-D706-4258-A68A-243550DF9B21}.Debug|Any CPU.Build.0 = Debug|Any CPU
		{3A03A6C5-D706-4258-A68A-243550DF9B21}.Debug|x64.ActiveCfg = Debug|Any CPU
		{3A03A6C5-D706-4258-A68A-243550DF9B21}.Debug|x64.Build.0 = Debug|Any CPU
		{3A03A6C5-D706-4258-A68A-243550DF9B21}.Debug|x86.ActiveCfg = Debug|Any CPU
		{3A03A6C5-D706-4258-A68A-243550DF9B21}.Debug|x86.Build.0 = Debug|Any CPU
		{3A03A6C5-D706-4258-A68A-243550DF9B21}.Release|Any CPU.ActiveCfg = Release|Any CPU
		{3A03A6C5-D706-4258-A68A-243550DF9B21}.Release|Any CPU.Build.0 = Release|Any CPU
		{3A03A6C5-D706-4258-A68A-243550DF9B21}.Release|x64.ActiveCfg = Release|Any CPU
		{3A03A6C5-D706-4258-A68A-243550DF9B21}.Release|x64.Build.0 = Release|Any CPU
		{3A03A6C5-D706-4258-A68A-243550DF9B21}.Release|x86.ActiveCfg = Release|Any CPU
		{3A03A6C5-D706-4258-A68A-243550DF9B21}.Release|x86.Build.0 = Release|Any CPU
		{29502734-6F3C-4C01-9715-038C0AA75908}.Debug|Any CPU.ActiveCfg = Debug|Any CPU
		{29502734-6F3C-4C01-9715-038C0AA75908}.Debug|Any CPU.Build.0 = Debug|Any CPU
		{29502734-6F3C-4C01-9715-038C0AA75908}.Debug|x64.ActiveCfg = Debug|Any CPU
		{29502734-6F3C-4C01-9715-038C0AA75908}.Debug|x64.Build.0 = Debug|Any CPU
		{29502734-6F3C-4C01-9715-038C0AA75908}.Debug|x86.ActiveCfg = Debug|Any CPU
		{29502734-6F3C-4C01-9715-038C0AA75908}.Debug|x86.Build.0 = Debug|Any CPU
		{29502734-6F3C-4C01-9715-038C0AA75908}.Release|Any CPU.ActiveCfg = Release|Any CPU
		{29502734-6F3C-4C01-9715-038C0AA75908}.Release|Any CPU.Build.0 = Release|Any CPU
		{29502734-6F3C-4C01-9715-038C0AA75908}.Release|x64.ActiveCfg = Release|Any CPU
		{29502734-6F3C-4C01-9715-038C0AA75908}.Release|x64.Build.0 = Release|Any CPU
		{29502734-6F3C-4C01-9715-038C0AA75908}.Release|x86.ActiveCfg = Release|Any CPU
		{29502734-6F3C-4C01-9715-038C0AA75908}.Release|x86.Build.0 = Release|Any CPU
	EndGlobalSection
	GlobalSection(SolutionProperties) = preSolution
		HideSolutionNode = FALSE
	EndGlobalSection
	GlobalSection(NestedProjects) = preSolution
		{F7739541-DFCA-496E-8512-0627A83B9BC9} = {7405D9B7-FFDF-462B-B577-D84288DE5480}
		{2EAE77F2-A69B-4DC8-BCA6-233211A09E62} = {00585ED5-E830-417D-9C9E-BC5E601EB3D5}
		{35B1EDEB-A368-4B5F-B434-B295C8693F64} = {00585ED5-E830-417D-9C9E-BC5E601EB3D5}
		{5D9C3010-5CC4-4852-9E4E-E4AD8B75523D} = {00585ED5-E830-417D-9C9E-BC5E601EB3D5}
		{A40A2EEE-EDDA-419E-9337-37760247C30B} = {00585ED5-E830-417D-9C9E-BC5E601EB3D5}
		{D9D1434D-50E4-45F4-94AE-97BBEAE3AF0F} = {00585ED5-E830-417D-9C9E-BC5E601EB3D5}
		{65250E01-138A-4693-B55B-B551E5A385A9} = {00585ED5-E830-417D-9C9E-BC5E601EB3D5}
		{8C4A2AC3-B5AF-4D38-93D1-7C21EE0D3696} = {00585ED5-E830-417D-9C9E-BC5E601EB3D5}
		{C9AF952C-E3DE-47F2-9DBB-C39F267251DA} = {00585ED5-E830-417D-9C9E-BC5E601EB3D5}
		{F800B9CB-EB4B-466D-A334-D1381D3D1FDB} = {00585ED5-E830-417D-9C9E-BC5E601EB3D5}
		{2BDB4578-A039-49C7-A932-C9E36B9A3D8B} = {00585ED5-E830-417D-9C9E-BC5E601EB3D5}
		{486616B7-8A9E-4BC7-8A00-57320C304CF7} = {00585ED5-E830-417D-9C9E-BC5E601EB3D5}
		{1E5A5B20-EA9B-4DD3-86EC-C00CBA0E7CF1} = {DBADF2C9-BC3F-4C50-B220-FE2000D70253}
		{3D9BA672-DA14-4E65-9BD4-06A0F4745710} = {1E5A5B20-EA9B-4DD3-86EC-C00CBA0E7CF1}
		{DD5204CB-E36C-4D46-AC64-4A397467BAF7} = {1E5A5B20-EA9B-4DD3-86EC-C00CBA0E7CF1}
		{FD96E41E-BB9D-427B-BA05-D8D93C70A61B} = {DBADF2C9-BC3F-4C50-B220-FE2000D70253}
		{5F4568A0-8ABC-4F81-9245-F38951640078} = {FD96E41E-BB9D-427B-BA05-D8D93C70A61B}
		{1A08FDA0-20ED-4FEB-A3EE-1BB55507956A} = {FD96E41E-BB9D-427B-BA05-D8D93C70A61B}
		{F8C310EB-D515-4039-9594-EDBC3C71714A} = {7405D9B7-FFDF-462B-B577-D84288DE5480}
		{19AB95A1-BD62-4E4B-9EED-51C462841B27} = {DBADF2C9-BC3F-4C50-B220-FE2000D70253}
		{95FA4490-28C6-4240-AF28-75D75E5C0BDF} = {DBADF2C9-BC3F-4C50-B220-FE2000D70253}
		{388BC122-B3FA-44B7-9847-F4210A72C9BE} = {19AB95A1-BD62-4E4B-9EED-51C462841B27}
		{C4E01462-FE2F-4A7D-AA4C-A868C81498EA} = {95FA4490-28C6-4240-AF28-75D75E5C0BDF}
		{3A03A6C5-D706-4258-A68A-243550DF9B21} = {8E074AA9-2A7D-4A49-841A-6312C28EA271}
		{8E074AA9-2A7D-4A49-841A-6312C28EA271} = {DBADF2C9-BC3F-4C50-B220-FE2000D70253}
		{32358D1A-0E82-4ED3-B633-F9D075201E82} = {DBADF2C9-BC3F-4C50-B220-FE2000D70253}
		{29502734-6F3C-4C01-9715-038C0AA75908} = {32358D1A-0E82-4ED3-B633-F9D075201E82}
	EndGlobalSection
	GlobalSection(ExtensibilityGlobals) = postSolution
		SolutionGuid = {6E2DBA5C-B9DF-4315-A635-724060144950}
	EndGlobalSection
EndGlobal
