
Microsoft Visual Studio Solution File, Format Version 12.00
# Visual Studio Version 18
VisualStudioVersion = 18.5.11612.153
MinimumVisualStudioVersion = 10.0.40219.1
Project("{FAE04EC0-301F-11D3-BF4B-00C04F79EFBC}") = "Notes", "Notes\Notes.csproj", "{7C363587-050B-42AA-9DA4-4F056D6CC97E}"
EndProject
Project("{2150E333-8FDC-42A3-9474-1A3956D46DE8}") = "Demo", "Demo", "{00585ED5-E830-417D-9C9E-BC5E601EB3D5}"
EndProject
Project("{9A19103F-16F7-4668-BE54-9A1E7A4F7556}") = "AutomationServices.EmguCv", "AutomationServices.EmguCv\AutomationServices.EmguCv.csproj", "{3171F8F3-B192-4C65-90FF-5CEACB449C16}"
EndProject
Project("{2150E333-8FDC-42A3-9474-1A3956D46DE8}") = "MyProject", "MyProject", "{DBADF2C9-BC3F-4C50-B220-FE2000D70253}"
EndProject
Project("{2150E333-8FDC-42A3-9474-1A3956D46DE8}") = "QQAutoSignIn", "QQAutoSignIn", "{1E5A5B20-EA9B-4DD3-86EC-C00CBA0E7CF1}"
EndProject
Project("{FAE04EC0-301F-11D3-BF4B-00C04F79EFBC}") = "Services", "MyProject\AutoQQSignIn\Services\Services.csproj", "{3D9BA672-DA14-4E65-9BD4-06A0F4745710}"
EndProject
Project("{FAE04EC0-301F-11D3-BF4B-00C04F79EFBC}") = "AutoQQSignIn", "MyProject\AutoQQSignIn\AutoQQSignIn\AutoQQSignIn.csproj", "{DD5204CB-E36C-4D46-AC64-4A397467BAF7}"
EndProject
Project("{2150E333-8FDC-42A3-9474-1A3956D46DE8}") = "Selenium", "Selenium", "{FD96E41E-BB9D-427B-BA05-D8D93C70A61B}"
EndProject
Project("{FAE04EC0-301F-11D3-BF4B-00C04F79EFBC}") = "Selenium", "MyProject\Selenium\Selenium\Selenium.csproj", "{5F4568A0-8ABC-4F81-9245-F38951640078}"
EndProject
Project("{FAE04EC0-301F-11D3-BF4B-00C04F79EFBC}") = "TestNuget", "TestNuget\TestNuget.csproj", "{1CF2FACC-BC52-48D8-BAB2-32D8EAE60C02}"
EndProject
Project("{2150E333-8FDC-42A3-9474-1A3956D46DE8}") = "QQ_Quickspot", "QQ_Quickspot", "{19AB95A1-BD62-4E4B-9EED-51C462841B27}"
EndProject
Project("{2150E333-8FDC-42A3-9474-1A3956D46DE8}") = "VideoWeb", "VideoWeb", "{95FA4490-28C6-4240-AF28-75D75E5C0BDF}"
EndProject
Project("{FAE04EC0-301F-11D3-BF4B-00C04F79EFBC}") = "Quickspot", "MyProject\Quickspot\Quickspot.csproj", "{388BC122-B3FA-44B7-9847-F4210A72C9BE}"
EndProject
Project("{9A19103F-16F7-4668-BE54-9A1E7A4F7556}") = "VideoWeb", "MyProject\VideoWeb\VideoWeb.csproj", "{C4E01462-FE2F-4A7D-AA4C-A868C81498EA}"
EndProject
Project("{FAE04EC0-301F-11D3-BF4B-00C04F79EFBC}") = "QQSpeed_SmartApp", "MyProject\QQSpeed_SmartApp\QQSpeed_SmartApp.csproj", "{3A03A6C5-D706-4258-A68A-243550DF9B21}"
EndProject
Project("{2150E333-8FDC-42A3-9474-1A3956D46DE8}") = "QQSpeed", "QQSpeed", "{8E074AA9-2A7D-4A49-841A-6312C28EA271}"
EndProject
Project("{2150E333-8FDC-42A3-9474-1A3956D46DE8}") = "DesktopIconTool", "DesktopIconTool", "{32358D1A-0E82-4ED3-B633-F9D075201E82}"
EndProject
Project("{FAE04EC0-301F-11D3-BF4B-00C04F79EFBC}") = "DesktopIconTool", "MyProject\DesktopIconTool\DesktopIconTool.csproj", "{1EA1F9A0-9AC1-460C-8919-8F183920F0BF}"
EndProject
Project("{FAE04EC0-301F-11D3-BF4B-00C04F79EFBC}") = "TestDemo", "TestDemo\TestDemo.csproj", "{546F5C5C-FBFD-4D51-8363-5AEDC0F5C479}"
EndProject
Project("{FAE04EC0-301F-11D3-BF4B-00C04F79EFBC}") = "WindowsTimeShowSecond", "Demo\WindowsTimeShowSecond\WindowsTimeShowSecond.csproj", "{A6974377-2A9D-4784-898F-877F716EF5D1}"
EndProject
Project("{2150E333-8FDC-42A3-9474-1A3956D46DE8}") = "WindowsTop", "WindowsTop", "{BA6B3915-0811-43D5-814A-BD36345BE40D}"
EndProject
Project("{FAE04EC0-301F-11D3-BF4B-00C04F79EFBC}") = "WindowTop", "MyProject\WindowTop\WindowTop.csproj", "{31CDDADB-1018-4651-8372-B28100A73E79}"
EndProject
Project("{FAE04EC0-301F-11D3-BF4B-00C04F79EFBC}") = "OpenwrtAutoStartUp", "MyProject\Selenium\OpenwrtAutoStartUp\OpenwrtAutoStartUp.csproj", "{AE9E5977-1440-4F5F-9D17-03B29D290F4A}"
EndProject
Project("{FAE04EC0-301F-11D3-BF4B-00C04F79EFBC}") = "WuNianClose", "MyProject\WuNianClose\WuNianClose.csproj", "{2C77D799-3516-497E-83A8-44084459F2F3}"
EndProject
Project("{FAE04EC0-301F-11D3-BF4B-00C04F79EFBC}") = "SMS.Service", "MyProject\Selenium\SMS.Service\SMS.Service.csproj", "{87E53491-527C-4AC1-A2FC-9DDE232A5C46}"
EndProject
Project("{2150E333-8FDC-42A3-9474-1A3956D46DE8}") = "Plugins", "Plugins", "{627D922C-DC19-475F-8DBB-1A373B2A0DE2}"
EndProject
Project("{FAE04EC0-301F-11D3-BF4B-00C04F79EFBC}") = "FrpClientManager", "MyProject\Plugins\FrpClientManager\FrpClientManager.csproj", "{061381CE-28DD-4858-B69D-940CBE26EA43}"
EndProject
Project("{FAE04EC0-301F-11D3-BF4B-00C04F79EFBC}") = "SkipDrama_YuanShen", "SkipDrama_YuanShen\SkipDrama_YuanShen.csproj", "{5B681CEC-66D0-4EAF-9AB3-11EA42C998A0}"
EndProject
Project("{FAE04EC0-301F-11D3-BF4B-00C04F79EFBC}") = "ScheduleReminder", "MyProject\ScheduleReminder\ScheduleReminder.csproj", "{72A384E1-F6FB-4EC9-8DAD-6936B47B14A4}"
EndProject
Global
	GlobalSection(SolutionConfigurationPlatforms) = preSolution
		Debug|Any CPU = Debug|Any CPU
		Debug|x64 = Debug|x64
		Debug|x86 = Debug|x86
		Release|Any CPU = Release|Any CPU
		Release|x64 = Release|x64
		Release|x86 = Release|x86
	EndGlobalSection
	GlobalSection(ProjectConfigurationPlatforms) = postSolution
		{7C363587-050B-42AA-9DA4-4F056D6CC97E}.Debug|Any CPU.ActiveCfg = Debug|Any CPU
		{7C363587-050B-42AA-9DA4-4F056D6CC97E}.Debug|Any CPU.Build.0 = Debug|Any CPU
		{7C363587-050B-42AA-9DA4-4F056D6CC97E}.Debug|x64.ActiveCfg = Debug|Any CPU
		{7C363587-050B-42AA-9DA4-4F056D6CC97E}.Debug|x64.Build.0 = Debug|Any CPU
		{7C363587-050B-42AA-9DA4-4F056D6CC97E}.Debug|x86.ActiveCfg = Debug|Any CPU
		{7C363587-050B-42AA-9DA4-4F056D6CC97E}.Debug|x86.Build.0 = Debug|Any CPU
		{7C363587-050B-42AA-9DA4-4F056D6CC97E}.Release|Any CPU.ActiveCfg = Release|Any CPU
		{7C363587-050B-42AA-9DA4-4F056D6CC97E}.Release|Any CPU.Build.0 = Release|Any CPU
		{7C363587-050B-42AA-9DA4-4F056D6CC97E}.Release|x64.ActiveCfg = Release|Any CPU
		{7C363587-050B-42AA-9DA4-4F056D6CC97E}.Release|x64.Build.0 = Release|Any CPU
		{7C363587-050B-42AA-9DA4-4F056D6CC97E}.Release|x86.ActiveCfg = Release|Any CPU
		{7C363587-050B-42AA-9DA4-4F056D6CC97E}.Release|x86.Build.0 = Release|Any CPU
		{3171F8F3-B192-4C65-90FF-5CEACB449C16}.Debug|Any CPU.ActiveCfg = Debug|Any CPU
		{3171F8F3-B192-4C65-90FF-5CEACB449C16}.Debug|Any CPU.Build.0 = Debug|Any CPU
		{3171F8F3-B192-4C65-90FF-5CEACB449C16}.Debug|x64.ActiveCfg = Debug|Any CPU
		{3171F8F3-B192-4C65-90FF-5CEACB449C16}.Debug|x64.Build.0 = Debug|Any CPU
		{3171F8F3-B192-4C65-90FF-5CEACB449C16}.Debug|x86.ActiveCfg = Debug|Any CPU
		{3171F8F3-B192-4C65-90FF-5CEACB449C16}.Debug|x86.Build.0 = Debug|Any CPU
		{3171F8F3-B192-4C65-90FF-5CEACB449C16}.Release|Any CPU.ActiveCfg = Release|Any CPU
		{3171F8F3-B192-4C65-90FF-5CEACB449C16}.Release|Any CPU.Build.0 = Release|Any CPU
		{3171F8F3-B192-4C65-90FF-5CEACB449C16}.Release|x64.ActiveCfg = Release|Any CPU
		{3171F8F3-B192-4C65-90FF-5CEACB449C16}.Release|x64.Build.0 = Release|Any CPU
		{3171F8F3-B192-4C65-90FF-5CEACB449C16}.Release|x86.ActiveCfg = Release|Any CPU
		{3171F8F3-B192-4C65-90FF-5CEACB449C16}.Release|x86.Build.0 = Release|Any CPU
		{3D9BA672-DA14-4E65-9BD4-06A0F4745710}.Debug|Any CPU.ActiveCfg = Debug|Any CPU
		{3D9BA672-DA14-4E65-9BD4-06A0F4745710}.Debug|Any CPU.Build.0 = Debug|Any CPU
		{3D9BA672-DA14-4E65-9BD4-06A0F4745710}.Debug|x64.ActiveCfg = Debug|Any CPU
		{3D9BA672-DA14-4E65-9BD4-06A0F4745710}.Debug|x64.Build.0 = Debug|Any CPU
		{3D9BA672-DA14-4E65-9BD4-06A0F4745710}.Debug|x86.ActiveCfg = Debug|Any CPU
		{3D9BA672-DA14-4E65-9BD4-06A0F4745710}.Debug|x86.Build.0 = Debug|Any CPU
		{3D9BA672-DA14-4E65-9BD4-06A0F4745710}.Release|Any CPU.ActiveCfg = Release|Any CPU
		{3D9BA672-DA14-4E65-9BD4-06A0F4745710}.Release|Any CPU.Build.0 = Release|Any CPU
		{3D9BA672-DA14-4E65-9BD4-06A0F4745710}.Release|x64.ActiveCfg = Release|Any CPU
		{3D9BA672-DA14-4E65-9BD4-06A0F4745710}.Release|x64.Build.0 = Release|Any CPU
		{3D9BA672-DA14-4E65-9BD4-06A0F4745710}.Release|x86.ActiveCfg = Release|Any CPU
		{3D9BA672-DA14-4E65-9BD4-06A0F4745710}.Release|x86.Build.0 = Release|Any CPU
		{DD5204CB-E36C-4D46-AC64-4A397467BAF7}.Debug|Any CPU.ActiveCfg = Debug|Any CPU
		{DD5204CB-E36C-4D46-AC64-4A397467BAF7}.Debug|Any CPU.Build.0 = Debug|Any CPU
		{DD5204CB-E36C-4D46-AC64-4A397467BAF7}.Debug|x64.ActiveCfg = Debug|Any CPU
		{DD5204CB-E36C-4D46-AC64-4A397467BAF7}.Debug|x64.Build.0 = Debug|Any CPU
		{DD5204CB-E36C-4D46-AC64-4A397467BAF7}.Debug|x86.ActiveCfg = Debug|Any CPU
		{DD5204CB-E36C-4D46-AC64-4A397467BAF7}.Debug|x86.Build.0 = Debug|Any CPU
		{DD5204CB-E36C-4D46-AC64-4A397467BAF7}.Release|Any CPU.ActiveCfg = Release|Any CPU
		{DD5204CB-E36C-4D46-AC64-4A397467BAF7}.Release|Any CPU.Build.0 = Release|Any CPU
		{DD5204CB-E36C-4D46-AC64-4A397467BAF7}.Release|x64.ActiveCfg = Release|Any CPU
		{DD5204CB-E36C-4D46-AC64-4A397467BAF7}.Release|x64.Build.0 = Release|Any CPU
		{DD5204CB-E36C-4D46-AC64-4A397467BAF7}.Release|x86.ActiveCfg = Release|Any CPU
		{DD5204CB-E36C-4D46-AC64-4A397467BAF7}.Release|x86.Build.0 = Release|Any CPU
		{5F4568A0-8ABC-4F81-9245-F38951640078}.Debug|Any CPU.ActiveCfg = Debug|Any CPU
		{5F4568A0-8ABC-4F81-9245-F38951640078}.Debug|Any CPU.Build.0 = Debug|Any CPU
		{5F4568A0-8ABC-4F81-9245-F38951640078}.Debug|x64.ActiveCfg = Debug|Any CPU
		{5F4568A0-8ABC-4F81-9245-F38951640078}.Debug|x64.Build.0 = Debug|Any CPU
		{5F4568A0-8ABC-4F81-9245-F38951640078}.Debug|x86.ActiveCfg = Debug|Any CPU
		{5F4568A0-8ABC-4F81-9245-F38951640078}.Debug|x86.Build.0 = Debug|Any CPU
		{5F4568A0-8ABC-4F81-9245-F38951640078}.Release|Any CPU.ActiveCfg = Release|Any CPU
		{5F4568A0-8ABC-4F81-9245-F38951640078}.Release|Any CPU.Build.0 = Release|Any CPU
		{5F4568A0-8ABC-4F81-9245-F38951640078}.Release|x64.ActiveCfg = Release|Any CPU
		{5F4568A0-8ABC-4F81-9245-F38951640078}.Release|x64.Build.0 = Release|Any CPU
		{5F4568A0-8ABC-4F81-9245-F38951640078}.Release|x86.ActiveCfg = Release|Any CPU
		{5F4568A0-8ABC-4F81-9245-F38951640078}.Release|x86.Build.0 = Release|Any CPU
		{1CF2FACC-BC52-48D8-BAB2-32D8EAE60C02}.Debug|Any CPU.ActiveCfg = Debug|Any CPU
		{1CF2FACC-BC52-48D8-BAB2-32D8EAE60C02}.Debug|Any CPU.Build.0 = Debug|Any CPU
		{1CF2FACC-BC52-48D8-BAB2-32D8EAE60C02}.Debug|x64.ActiveCfg = Debug|Any CPU
		{1CF2FACC-BC52-48D8-BAB2-32D8EAE60C02}.Debug|x64.Build.0 = Debug|Any CPU
		{1CF2FACC-BC52-48D8-BAB2-32D8EAE60C02}.Debug|x86.ActiveCfg = Debug|Any CPU
		{1CF2FACC-BC52-48D8-BAB2-32D8EAE60C02}.Debug|x86.Build.0 = Debug|Any CPU
		{1CF2FACC-BC52-48D8-BAB2-32D8EAE60C02}.Release|Any CPU.ActiveCfg = Release|Any CPU
		{1CF2FACC-BC52-48D8-BAB2-32D8EAE60C02}.Release|Any CPU.Build.0 = Release|Any CPU
		{1CF2FACC-BC52-48D8-BAB2-32D8EAE60C02}.Release|x64.ActiveCfg = Release|Any CPU
		{1CF2FACC-BC52-48D8-BAB2-32D8EAE60C02}.Release|x64.Build.0 = Release|Any CPU
		{1CF2FACC-BC52-48D8-BAB2-32D8EAE60C02}.Release|x86.ActiveCfg = Release|Any CPU
		{1CF2FACC-BC52-48D8-BAB2-32D8EAE60C02}.Release|x86.Build.0 = Release|Any CPU
		{388BC122-B3FA-44B7-9847-F4210A72C9BE}.Debug|Any CPU.ActiveCfg = Debug|Any CPU
		{388BC122-B3FA-44B7-9847-F4210A72C9BE}.Debug|Any CPU.Build.0 = Debug|Any CPU
		{388BC122-B3FA-44B7-9847-F4210A72C9BE}.Debug|x64.ActiveCfg = Debug|Any CPU
		{388BC122-B3FA-44B7-9847-F4210A72C9BE}.Debug|x64.Build.0 = Debug|Any CPU
		{388BC122-B3FA-44B7-9847-F4210A72C9BE}.Debug|x86.ActiveCfg = Debug|Any CPU
		{388BC122-B3FA-44B7-9847-F4210A72C9BE}.Debug|x86.Build.0 = Debug|Any CPU
		{388BC122-B3FA-44B7-9847-F4210A72C9BE}.Release|Any CPU.ActiveCfg = Release|Any CPU
		{388BC122-B3FA-44B7-9847-F4210A72C9BE}.Release|Any CPU.Build.0 = Release|Any CPU
		{388BC122-B3FA-44B7-9847-F4210A72C9BE}.Release|x64.ActiveCfg = Release|Any CPU
		{388BC122-B3FA-44B7-9847-F4210A72C9BE}.Release|x64.Build.0 = Release|Any CPU
		{388BC122-B3FA-44B7-9847-F4210A72C9BE}.Release|x86.ActiveCfg = Release|Any CPU
		{388BC122-B3FA-44B7-9847-F4210A72C9BE}.Release|x86.Build.0 = Release|Any CPU
		{C4E01462-FE2F-4A7D-AA4C-A868C81498EA}.Debug|Any CPU.ActiveCfg = Debug|Any CPU
		{C4E01462-FE2F-4A7D-AA4C-A868C81498EA}.Debug|Any CPU.Build.0 = Debug|Any CPU
		{C4E01462-FE2F-4A7D-AA4C-A868C81498EA}.Debug|x64.ActiveCfg = Debug|Any CPU
		{C4E01462-FE2F-4A7D-AA4C-A868C81498EA}.Debug|x64.Build.0 = Debug|Any CPU
		{C4E01462-FE2F-4A7D-AA4C-A868C81498EA}.Debug|x86.ActiveCfg = Debug|Any CPU
		{C4E01462-FE2F-4A7D-AA4C-A868C81498EA}.Debug|x86.Build.0 = Debug|Any CPU
		{C4E01462-FE2F-4A7D-AA4C-A868C81498EA}.Release|Any CPU.ActiveCfg = Release|Any CPU
		{C4E01462-FE2F-4A7D-AA4C-A868C81498EA}.Release|Any CPU.Build.0 = Release|Any CPU
		{C4E01462-FE2F-4A7D-AA4C-A868C81498EA}.Release|x64.ActiveCfg = Release|Any CPU
		{C4E01462-FE2F-4A7D-AA4C-A868C81498EA}.Release|x64.Build.0 = Release|Any CPU
		{C4E01462-FE2F-4A7D-AA4C-A868C81498EA}.Release|x86.ActiveCfg = Release|Any CPU
		{C4E01462-FE2F-4A7D-AA4C-A868C81498EA}.Release|x86.Build.0 = Release|Any CPU
		{3A03A6C5-D706-4258-A68A-243550DF9B21}.Debug|Any CPU.ActiveCfg = Debug|Any CPU
		{3A03A6C5-D706-4258-A68A-243550DF9B21}.Debug|Any CPU.Build.0 = Debug|Any CPU
		{3A03A6C5-D706-4258-A68A-243550DF9B21}.Debug|x64.ActiveCfg = Debug|Any CPU
		{3A03A6C5-D706-4258-A68A-243550DF9B21}.Debug|x64.Build.0 = Debug|Any CPU
		{3A03A6C5-D706-4258-A68A-243550DF9B21}.Debug|x86.ActiveCfg = Debug|Any CPU
		{3A03A6C5-D706-4258-A68A-243550DF9B21}.Debug|x86.Build.0 = Debug|Any CPU
		{3A03A6C5-D706-4258-A68A-243550DF9B21}.Release|Any CPU.ActiveCfg = Release|Any CPU
		{3A03A6C5-D706-4258-A68A-243550DF9B21}.Release|Any CPU.Build.0 = Release|Any CPU
		{3A03A6C5-D706-4258-A68A-243550DF9B21}.Release|x64.ActiveCfg = Release|Any CPU
		{3A03A6C5-D706-4258-A68A-243550DF9B21}.Release|x64.Build.0 = Release|Any CPU
		{3A03A6C5-D706-4258-A68A-243550DF9B21}.Release|x86.ActiveCfg = Release|Any CPU
		{3A03A6C5-D706-4258-A68A-243550DF9B21}.Release|x86.Build.0 = Release|Any CPU
		{1EA1F9A0-9AC1-460C-8919-8F183920F0BF}.Debug|Any CPU.ActiveCfg = Debug|Any CPU
		{1EA1F9A0-9AC1-460C-8919-8F183920F0BF}.Debug|Any CPU.Build.0 = Debug|Any CPU
		{1EA1F9A0-9AC1-460C-8919-8F183920F0BF}.Debug|x64.ActiveCfg = Debug|Any CPU
		{1EA1F9A0-9AC1-460C-8919-8F183920F0BF}.Debug|x64.Build.0 = Debug|Any CPU
		{1EA1F9A0-9AC1-460C-8919-8F183920F0BF}.Debug|x86.ActiveCfg = Debug|Any CPU
		{1EA1F9A0-9AC1-460C-8919-8F183920F0BF}.Debug|x86.Build.0 = Debug|Any CPU
		{1EA1F9A0-9AC1-460C-8919-8F183920F0BF}.Release|Any CPU.ActiveCfg = Release|Any CPU
		{1EA1F9A0-9AC1-460C-8919-8F183920F0BF}.Release|Any CPU.Build.0 = Release|Any CPU
		{1EA1F9A0-9AC1-460C-8919-8F183920F0BF}.Release|x64.ActiveCfg = Release|Any CPU
		{1EA1F9A0-9AC1-460C-8919-8F183920F0BF}.Release|x64.Build.0 = Release|Any CPU
		{1EA1F9A0-9AC1-460C-8919-8F183920F0BF}.Release|x86.ActiveCfg = Release|Any CPU
		{1EA1F9A0-9AC1-460C-8919-8F183920F0BF}.Release|x86.Build.0 = Release|Any CPU
		{546F5C5C-FBFD-4D51-8363-5AEDC0F5C479}.Debug|Any CPU.ActiveCfg = Debug|Any CPU
		{546F5C5C-FBFD-4D51-8363-5AEDC0F5C479}.Debug|Any CPU.Build.0 = Debug|Any CPU
		{546F5C5C-FBFD-4D51-8363-5AEDC0F5C479}.Debug|x64.ActiveCfg = Debug|Any CPU
		{546F5C5C-FBFD-4D51-8363-5AEDC0F5C479}.Debug|x64.Build.0 = Debug|Any CPU
		{546F5C5C-FBFD-4D51-8363-5AEDC0F5C479}.Debug|x86.ActiveCfg = Debug|Any CPU
		{546F5C5C-FBFD-4D51-8363-5AEDC0F5C479}.Debug|x86.Build.0 = Debug|Any CPU
		{546F5C5C-FBFD-4D51-8363-5AEDC0F5C479}.Release|Any CPU.ActiveCfg = Release|Any CPU
		{546F5C5C-FBFD-4D51-8363-5AEDC0F5C479}.Release|Any CPU.Build.0 = Release|Any CPU
		{546F5C5C-FBFD-4D51-8363-5AEDC0F5C479}.Release|x64.ActiveCfg = Release|Any CPU
		{546F5C5C-FBFD-4D51-8363-5AEDC0F5C479}.Release|x64.Build.0 = Release|Any CPU
		{546F5C5C-FBFD-4D51-8363-5AEDC0F5C479}.Release|x86.ActiveCfg = Release|Any CPU
		{546F5C5C-FBFD-4D51-8363-5AEDC0F5C479}.Release|x86.Build.0 = Release|Any CPU
		{A6974377-2A9D-4784-898F-877F716EF5D1}.Debug|Any CPU.ActiveCfg = Debug|Any CPU
		{A6974377-2A9D-4784-898F-877F716EF5D1}.Debug|Any CPU.Build.0 = Debug|Any CPU
		{A6974377-2A9D-4784-898F-877F716EF5D1}.Debug|x64.ActiveCfg = Debug|Any CPU
		{A6974377-2A9D-4784-898F-877F716EF5D1}.Debug|x64.Build.0 = Debug|Any CPU
		{A6974377-2A9D-4784-898F-877F716EF5D1}.Debug|x86.ActiveCfg = Debug|Any CPU
		{A6974377-2A9D-4784-898F-877F716EF5D1}.Debug|x86.Build.0 = Debug|Any CPU
		{A6974377-2A9D-4784-898F-877F716EF5D1}.Release|Any CPU.ActiveCfg = Release|Any CPU
		{A6974377-2A9D-4784-898F-877F716EF5D1}.Release|Any CPU.Build.0 = Release|Any CPU
		{A6974377-2A9D-4784-898F-877F716EF5D1}.Release|x64.ActiveCfg = Release|Any CPU
		{A6974377-2A9D-4784-898F-877F716EF5D1}.Release|x64.Build.0 = Release|Any CPU
		{A6974377-2A9D-4784-898F-877F716EF5D1}.Release|x86.ActiveCfg = Release|Any CPU
		{A6974377-2A9D-4784-898F-877F716EF5D1}.Release|x86.Build.0 = Release|Any CPU
		{31CDDADB-1018-4651-8372-B28100A73E79}.Debug|Any CPU.ActiveCfg = Debug|Any CPU
		{31CDDADB-1018-4651-8372-B28100A73E79}.Debug|Any CPU.Build.0 = Debug|Any CPU
		{31CDDADB-1018-4651-8372-B28100A73E79}.Debug|x64.ActiveCfg = Debug|Any CPU
		{31CDDADB-1018-4651-8372-B28100A73E79}.Debug|x64.Build.0 = Debug|Any CPU
		{31CDDADB-1018-4651-8372-B28100A73E79}.Debug|x86.ActiveCfg = Debug|Any CPU
		{31CDDADB-1018-4651-8372-B28100A73E79}.Debug|x86.Build.0 = Debug|Any CPU
		{31CDDADB-1018-4651-8372-B28100A73E79}.Release|Any CPU.ActiveCfg = Release|Any CPU
		{31CDDADB-1018-4651-8372-B28100A73E79}.Release|Any CPU.Build.0 = Release|Any CPU
		{31CDDADB-1018-4651-8372-B28100A73E79}.Release|x64.ActiveCfg = Release|Any CPU
		{31CDDADB-1018-4651-8372-B28100A73E79}.Release|x64.Build.0 = Release|Any CPU
		{31CDDADB-1018-4651-8372-B28100A73E79}.Release|x86.ActiveCfg = Release|Any CPU
		{31CDDADB-1018-4651-8372-B28100A73E79}.Release|x86.Build.0 = Release|Any CPU
		{AE9E5977-1440-4F5F-9D17-03B29D290F4A}.Debug|Any CPU.ActiveCfg = Debug|Any CPU
		{AE9E5977-1440-4F5F-9D17-03B29D290F4A}.Debug|Any CPU.Build.0 = Debug|Any CPU
		{AE9E5977-1440-4F5F-9D17-03B29D290F4A}.Debug|x64.ActiveCfg = Debug|Any CPU
		{AE9E5977-1440-4F5F-9D17-03B29D290F4A}.Debug|x64.Build.0 = Debug|Any CPU
		{AE9E5977-1440-4F5F-9D17-03B29D290F4A}.Debug|x86.ActiveCfg = Debug|Any CPU
		{AE9E5977-1440-4F5F-9D17-03B29D290F4A}.Debug|x86.Build.0 = Debug|Any CPU
		{AE9E5977-1440-4F5F-9D17-03B29D290F4A}.Release|Any CPU.ActiveCfg = Release|Any CPU
		{AE9E5977-1440-4F5F-9D17-03B29D290F4A}.Release|Any CPU.Build.0 = Release|Any CPU
		{AE9E5977-1440-4F5F-9D17-03B29D290F4A}.Release|x64.ActiveCfg = Release|Any CPU
		{AE9E5977-1440-4F5F-9D17-03B29D290F4A}.Release|x64.Build.0 = Release|Any CPU
		{AE9E5977-1440-4F5F-9D17-03B29D290F4A}.Release|x86.ActiveCfg = Release|Any CPU
		{AE9E5977-1440-4F5F-9D17-03B29D290F4A}.Release|x86.Build.0 = Release|Any CPU
		{2C77D799-3516-497E-83A8-44084459F2F3}.Debug|Any CPU.ActiveCfg = Debug|Any CPU
		{2C77D799-3516-497E-83A8-44084459F2F3}.Debug|Any CPU.Build.0 = Debug|Any CPU
		{2C77D799-3516-497E-83A8-44084459F2F3}.Debug|x64.ActiveCfg = Debug|Any CPU
		{2C77D799-3516-497E-83A8-44084459F2F3}.Debug|x64.Build.0 = Debug|Any CPU
		{2C77D799-3516-497E-83A8-44084459F2F3}.Debug|x86.ActiveCfg = Debug|Any CPU
		{2C77D799-3516-497E-83A8-44084459F2F3}.Debug|x86.Build.0 = Debug|Any CPU
		{2C77D799-3516-497E-83A8-44084459F2F3}.Release|Any CPU.ActiveCfg = Release|Any CPU
		{2C77D799-3516-497E-83A8-44084459F2F3}.Release|Any CPU.Build.0 = Release|Any CPU
		{2C77D799-3516-497E-83A8-44084459F2F3}.Release|x64.ActiveCfg = Release|Any CPU
		{2C77D799-3516-497E-83A8-44084459F2F3}.Release|x64.Build.0 = Release|Any CPU
		{2C77D799-3516-497E-83A8-44084459F2F3}.Release|x86.ActiveCfg = Release|Any CPU
		{2C77D799-3516-497E-83A8-44084459F2F3}.Release|x86.Build.0 = Release|Any CPU
		{87E53491-527C-4AC1-A2FC-9DDE232A5C46}.Debug|Any CPU.ActiveCfg = Debug|Any CPU
		{87E53491-527C-4AC1-A2FC-9DDE232A5C46}.Debug|Any CPU.Build.0 = Debug|Any CPU
		{87E53491-527C-4AC1-A2FC-9DDE232A5C46}.Debug|x64.ActiveCfg = Debug|Any CPU
		{87E53491-527C-4AC1-A2FC-9DDE232A5C46}.Debug|x64.Build.0 = Debug|Any CPU
		{87E53491-527C-4AC1-A2FC-9DDE232A5C46}.Debug|x86.ActiveCfg = Debug|Any CPU
		{87E53491-527C-4AC1-A2FC-9DDE232A5C46}.Debug|x86.Build.0 = Debug|Any CPU
		{87E53491-527C-4AC1-A2FC-9DDE232A5C46}.Release|Any CPU.ActiveCfg = Release|Any CPU
		{87E53491-527C-4AC1-A2FC-9DDE232A5C46}.Release|Any CPU.Build.0 = Release|Any CPU
		{87E53491-527C-4AC1-A2FC-9DDE232A5C46}.Release|x64.ActiveCfg = Release|Any CPU
		{87E53491-527C-4AC1-A2FC-9DDE232A5C46}.Release|x64.Build.0 = Release|Any CPU
		{87E53491-527C-4AC1-A2FC-9DDE232A5C46}.Release|x86.ActiveCfg = Release|Any CPU
		{87E53491-527C-4AC1-A2FC-9DDE232A5C46}.Release|x86.Build.0 = Release|Any CPU
		{061381CE-28DD-4858-B69D-940CBE26EA43}.Debug|Any CPU.ActiveCfg = Debug|Any CPU
		{061381CE-28DD-4858-B69D-940CBE26EA43}.Debug|Any CPU.Build.0 = Debug|Any CPU
		{061381CE-28DD-4858-B69D-940CBE26EA43}.Debug|x64.ActiveCfg = Debug|Any CPU
		{061381CE-28DD-4858-B69D-940CBE26EA43}.Debug|x64.Build.0 = Debug|Any CPU
		{061381CE-28DD-4858-B69D-940CBE26EA43}.Debug|x86.ActiveCfg = Debug|Any CPU
		{061381CE-28DD-4858-B69D-940CBE26EA43}.Debug|x86.Build.0 = Debug|Any CPU
		{061381CE-28DD-4858-B69D-940CBE26EA43}.Release|Any CPU.ActiveCfg = Release|Any CPU
		{061381CE-28DD-4858-B69D-940CBE26EA43}.Release|Any CPU.Build.0 = Release|Any CPU
		{061381CE-28DD-4858-B69D-940CBE26EA43}.Release|x64.ActiveCfg = Release|Any CPU
		{061381CE-28DD-4858-B69D-940CBE26EA43}.Release|x64.Build.0 = Release|Any CPU
		{061381CE-28DD-4858-B69D-940CBE26EA43}.Release|x86.ActiveCfg = Release|Any CPU
		{061381CE-28DD-4858-B69D-940CBE26EA43}.Release|x86.Build.0 = Release|Any CPU
		{5B681CEC-66D0-4EAF-9AB3-11EA42C998A0}.Debug|Any CPU.ActiveCfg = Debug|Any CPU
		{5B681CEC-66D0-4EAF-9AB3-11EA42C998A0}.Debug|Any CPU.Build.0 = Debug|Any CPU
		{5B681CEC-66D0-4EAF-9AB3-11EA42C998A0}.Debug|x64.ActiveCfg = Debug|Any CPU
		{5B681CEC-66D0-4EAF-9AB3-11EA42C998A0}.Debug|x64.Build.0 = Debug|Any CPU
		{5B681CEC-66D0-4EAF-9AB3-11EA42C998A0}.Debug|x86.ActiveCfg = Debug|Any CPU
		{5B681CEC-66D0-4EAF-9AB3-11EA42C998A0}.Debug|x86.Build.0 = Debug|Any CPU
		{5B681CEC-66D0-4EAF-9AB3-11EA42C998A0}.Release|Any CPU.ActiveCfg = Release|Any CPU
		{5B681CEC-66D0-4EAF-9AB3-11EA42C998A0}.Release|Any CPU.Build.0 = Release|Any CPU
		{5B681CEC-66D0-4EAF-9AB3-11EA42C998A0}.Release|x64.ActiveCfg = Release|Any CPU
		{5B681CEC-66D0-4EAF-9AB3-11EA42C998A0}.Release|x64.Build.0 = Release|Any CPU
		{5B681CEC-66D0-4EAF-9AB3-11EA42C998A0}.Release|x86.ActiveCfg = Release|Any CPU
		{5B681CEC-66D0-4EAF-9AB3-11EA42C998A0}.Release|x86.Build.0 = Release|Any CPU
		{72A384E1-F6FB-4EC9-8DAD-6936B47B14A4}.Debug|Any CPU.ActiveCfg = Debug|Any CPU
		{72A384E1-F6FB-4EC9-8DAD-6936B47B14A4}.Debug|Any CPU.Build.0 = Debug|Any CPU
		{72A384E1-F6FB-4EC9-8DAD-6936B47B14A4}.Debug|x64.ActiveCfg = Debug|Any CPU
		{72A384E1-F6FB-4EC9-8DAD-6936B47B14A4}.Debug|x64.Build.0 = Debug|Any CPU
		{72A384E1-F6FB-4EC9-8DAD-6936B47B14A4}.Debug|x86.ActiveCfg = Debug|Any CPU
		{72A384E1-F6FB-4EC9-8DAD-6936B47B14A4}.Debug|x86.Build.0 = Debug|Any CPU
		{72A384E1-F6FB-4EC9-8DAD-6936B47B14A4}.Release|Any CPU.ActiveCfg = Release|Any CPU
		{72A384E1-F6FB-4EC9-8DAD-6936B47B14A4}.Release|Any CPU.Build.0 = Release|Any CPU
		{72A384E1-F6FB-4EC9-8DAD-6936B47B14A4}.Release|x64.ActiveCfg = Release|Any CPU
		{72A384E1-F6FB-4EC9-8DAD-6936B47B14A4}.Release|x64.Build.0 = Release|Any CPU
		{72A384E1-F6FB-4EC9-8DAD-6936B47B14A4}.Release|x86.ActiveCfg = Release|Any CPU
		{72A384E1-F6FB-4EC9-8DAD-6936B47B14A4}.Release|x86.Build.0 = Release|Any CPU
	EndGlobalSection
	GlobalSection(SolutionProperties) = preSolution
		HideSolutionNode = FALSE
	EndGlobalSection
	GlobalSection(NestedProjects) = preSolution
		{1E5A5B20-EA9B-4DD3-86EC-C00CBA0E7CF1} = {DBADF2C9-BC3F-4C50-B220-FE2000D70253}
		{3D9BA672-DA14-4E65-9BD4-06A0F4745710} = {1E5A5B20-EA9B-4DD3-86EC-C00CBA0E7CF1}
		{DD5204CB-E36C-4D46-AC64-4A397467BAF7} = {1E5A5B20-EA9B-4DD3-86EC-C00CBA0E7CF1}
		{FD96E41E-BB9D-427B-BA05-D8D93C70A61B} = {DBADF2C9-BC3F-4C50-B220-FE2000D70253}
		{5F4568A0-8ABC-4F81-9245-F38951640078} = {FD96E41E-BB9D-427B-BA05-D8D93C70A61B}
		{19AB95A1-BD62-4E4B-9EED-51C462841B27} = {DBADF2C9-BC3F-4C50-B220-FE2000D70253}
		{95FA4490-28C6-4240-AF28-75D75E5C0BDF} = {DBADF2C9-BC3F-4C50-B220-FE2000D70253}
		{388BC122-B3FA-44B7-9847-F4210A72C9BE} = {19AB95A1-BD62-4E4B-9EED-51C462841B27}
		{C4E01462-FE2F-4A7D-AA4C-A868C81498EA} = {95FA4490-28C6-4240-AF28-75D75E5C0BDF}
		{3A03A6C5-D706-4258-A68A-243550DF9B21} = {8E074AA9-2A7D-4A49-841A-6312C28EA271}
		{8E074AA9-2A7D-4A49-841A-6312C28EA271} = {DBADF2C9-BC3F-4C50-B220-FE2000D70253}
		{32358D1A-0E82-4ED3-B633-F9D075201E82} = {DBADF2C9-BC3F-4C50-B220-FE2000D70253}
		{1EA1F9A0-9AC1-460C-8919-8F183920F0BF} = {32358D1A-0E82-4ED3-B633-F9D075201E82}
		{A6974377-2A9D-4784-898F-877F716EF5D1} = {00585ED5-E830-417D-9C9E-BC5E601EB3D5}
		{BA6B3915-0811-43D5-814A-BD36345BE40D} = {DBADF2C9-BC3F-4C50-B220-FE2000D70253}
		{31CDDADB-1018-4651-8372-B28100A73E79} = {BA6B3915-0811-43D5-814A-BD36345BE40D}
		{AE9E5977-1440-4F5F-9D17-03B29D290F4A} = {FD96E41E-BB9D-427B-BA05-D8D93C70A61B}
		{2C77D799-3516-497E-83A8-44084459F2F3} = {8E074AA9-2A7D-4A49-841A-6312C28EA271}
		{87E53491-527C-4AC1-A2FC-9DDE232A5C46} = {FD96E41E-BB9D-427B-BA05-D8D93C70A61B}
		{627D922C-DC19-475F-8DBB-1A373B2A0DE2} = {DBADF2C9-BC3F-4C50-B220-FE2000D70253}
		{061381CE-28DD-4858-B69D-940CBE26EA43} = {627D922C-DC19-475F-8DBB-1A373B2A0DE2}
		{5B681CEC-66D0-4EAF-9AB3-11EA42C998A0} = {FD96E41E-BB9D-427B-BA05-D8D93C70A61B}
		{72A384E1-F6FB-4EC9-8DAD-6936B47B14A4} = {32358D1A-0E82-4ED3-B633-F9D075201E82}
	EndGlobalSection
	GlobalSection(ExtensibilityGlobals) = postSolution
		SolutionGuid = {6E2DBA5C-B9DF-4315-A635-724060144950}
	EndGlobalSection
EndGlobal
